
Microsoft Visual Studio Solution File, Format Version 12.00
# Visual Studio Version 16
VisualStudioVersion = 16.0.31005.135
MinimumVisualStudioVersion = 10.0.40219.1
Project("{FAE04EC0-301F-11D3-BF4B-00C04F79EFBC}") = "BetterAmazon", "BetterAmazon\BetterAmazon.csproj", "{685D6D70-642E-422D-844E-E1A160323AD3}"
EndProject
Global
	GlobalSection(SolutionConfigurationPlatforms) = preSolution
		Debug|Any CPU = Debug|Any CPU
		Release|Any CPU = Release|Any CPU
	EndGlobalSection
	GlobalSection(ProjectConfigurationPlatforms) = postSolution
		{685D6D70-642E-422D-844E-E1A160323AD3}.Debug|Any CPU.ActiveCfg = Debug|Any CPU
		{685D6D70-642E-422D-844E-E1A160323AD3}.Debug|Any CPU.Build.0 = Debug|Any CPU
		{685D6D70-642E-422D-844E-E1A160323AD3}.Release|Any CPU.ActiveCfg = Release|Any CPU
		{685D6D70-642E-422D-844E-E1A160323AD3}.Release|Any CPU.Build.0 = Release|Any CPU
	EndGlobalSection
	GlobalSection(SolutionProperties) = preSolution
		HideSolutionNode = FALSE
	EndGlobalSection
	GlobalSection(ExtensibilityGlobals) = postSolution
		SolutionGuid = {47E83061-3073-4678-AC59-ED01CAE3B3E1}
	EndGlobalSection
EndGlobal
